
Microsoft Visual Studio Solution File, Format Version 12.00
# Visual Studio Version 17
VisualStudioVersion = 17.12.35527.113 d17.12
MinimumVisualStudioVersion = 10.0.40219.1
Project("{FAE04EC0-301F-11D3-BF4B-00C04F79EFBC}") = "Views", "Views\Views.csproj", "{23CDDBAA-048B-4C8D-B1D0-442E9C5B6FEC}"
EndProject
Project("{FAE04EC0-301F-11D3-BF4B-00C04F79EFBC}") = "Dominio", "Dominio\Dominio.csproj", "{C260CD68-301C-4279-999F-3EC2E6EDA5EC}"
EndProject
Project("{FAE04EC0-301F-11D3-BF4B-00C04F79EFBC}") = "Dados", "Dados\Dados.csproj", "{208A0E57-2486-4649-B077-B2490135C3E1}"
EndProject
Global
	GlobalSection(SolutionConfigurationPlatforms) = preSolution
		Debug|Any CPU = Debug|Any CPU
		Release|Any CPU = Release|Any CPU
	EndGlobalSection
	GlobalSection(ProjectConfigurationPlatforms) = postSolution
		{23CDDBAA-048B-4C8D-B1D0-442E9C5B6FEC}.Debug|Any CPU.ActiveCfg = Debug|Any CPU
		{23CDDBAA-048B-4C8D-B1D0-442E9C5B6FEC}.Debug|Any CPU.Build.0 = Debug|Any CPU
		{23CDDBAA-048B-4C8D-B1D0-442E9C5B6FEC}.Release|Any CPU.ActiveCfg = Release|Any CPU
		{23CDDBAA-048B-4C8D-B1D0-442E9C5B6FEC}.Release|Any CPU.Build.0 = Release|Any CPU
		{C260CD68-301C-4279-999F-3EC2E6EDA5EC}.Debug|Any CPU.ActiveCfg = Debug|Any CPU
		{C260CD68-301C-4279-999F-3EC2E6EDA5EC}.Debug|Any CPU.Build.0 = Debug|Any CPU
		{C260CD68-301C-4279-999F-3EC2E6EDA5EC}.Release|Any CPU.ActiveCfg = Release|Any CPU
		{C260CD68-301C-4279-999F-3EC2E6EDA5EC}.Release|Any CPU.Build.0 = Release|Any CPU
		{208A0E57-2486-4649-B077-B2490135C3E1}.Debug|Any CPU.ActiveCfg = Debug|Any CPU
		{208A0E57-2486-4649-B077-B2490135C3E1}.Debug|Any CPU.Build.0 = Debug|Any CPU
		{208A0E57-2486-4649-B077-B2490135C3E1}.Release|Any CPU.ActiveCfg = Release|Any CPU
		{208A0E57-2486-4649-B077-B2490135C3E1}.Release|Any CPU.Build.0 = Release|Any CPU
	EndGlobalSection
	GlobalSection(SolutionProperties) = preSolution
		HideSolutionNode = FALSE
	EndGlobalSection
EndGlobal
